GIT
  remote: git@github.com:OpenConext/OpenConext-api.git
  path: ./coin-api-dist/src/main/resources/ansible-openconext-api
  ref: feature/ansible
  sha: 4592c979da590f5f0ddf8432bd526347c9e36c5e
  specs:
    openconext-api (4.2.0)

GIT
  remote: git@github.com:OpenConext/OpenConext-engineblock.git
  path: ./tools/ansible-role-openconext-engineblock
  ref: feature/ansible
  sha: d0571fb2efc754809d96c26d78c9b658aa3c9e6c
  specs:
    openconext-engineblock (4.2.0)

GIT
  remote: https://github.com/relaxnow/ansible-xml
  ref: master
  sha: fbf776c8d71b1d6c941de636a7071925ff8177b3
  specs:
    ansible-xml (0.1.0)

DEPENDENCIES
  ansible-xml (>= 0)
  openconext-api (>= 0)
  openconext-engineblock (>= 0)

