GIT
  remote: git@github.com:OpenConext/OpenConext-api.git
  path: ./coin-api-dist/src/main/resources/ansible-openconext-api
  ref: feature/ansible
  sha: 6a8d01c9e952d19cf114f6cf084ae4de75c14da7
  specs:
    openconext-api (4.2.0)

GIT
  remote: git@github.com:OpenConext/OpenConext-engineblock.git
  path: ./tools/ansible-role-openconext-engineblock
  ref: feature/ansible
  sha: e9f162497cbf7f1e8c89625f0c852b6a926113ea
  specs:
    openconext-engineblock (4.2.0)

GIT
  remote: https://github.com/relaxnow/ansible-xml
  ref: master
  sha: 3a9c9ab2c93c512520be8d227519bc552e05c7a9
  specs:
    ansible-xml (0.3.1)

DEPENDENCIES
  ansible-xml (>= 0)
  openconext-api (>= 0)
  openconext-engineblock (>= 0)

